PATH
  remote: .
  specs:
    active_type (1.0.0)
      activerecord (>= 3.2)

GEM
  remote: https://rubygems.org/
  specs:
    activemodel (3.2.22.5)
      activesupport (= 3.2.22.5)
      builder (~> 3.0.0)
    activerecord (3.2.22.5)
      activemodel (= 3.2.22.5)
      activesupport (= 3.2.22.5)
      arel (~> 3.0.2)
      tzinfo (~> 0.3.29)
    activesupport (3.2.22.5)
      i18n (~> 0.6, >= 0.6.4)
      multi_json (~> 1.0)
    arel (3.0.3)
    builder (3.0.4)
    diff-lcs (1.2.5)
    gemika (0.3.4)
    i18n (0.6.11)
    multi_json (1.13.1)
    mysql2 (0.3.17)
    rake (10.4.2)
    rspec (3.4.0)
      rspec-core (~> 3.4.0)
      rspec-expectations (~> 3.4.0)
      rspec-mocks (~> 3.4.0)
    rspec-core (3.4.1)
      rspec-support (~> 3.4.0)
    rspec-expectations (3.4.0)
      diff-lcs (>= 1.2.0, < 2.0)
      rspec-support (~> 3.4.0)
    rspec-mocks (3.4.1)
      diff-lcs (>= 1.2.0, < 2.0)
      rspec-support (~> 3.4.0)
    rspec-support (3.4.1)
    tzinfo (0.3.55)

PLATFORMS
  ruby

DEPENDENCIES
  active_type!
  activerecord (~> 3.2.22.5)
  gemika
  i18n (= 0.6.11)
  mysql2 (= 0.3.17)
  rake
  rspec (~> 3.4)

BUNDLED WITH
   1.16.3
